<?xml version="1.0" encoding="utf-8"?>
<Project ToolsVersion="4.0" xmlns="http://schemas.microsoft.com/developer/msbuild/2003">
  <ItemGroup>
    <Filter Include="Source Files">
      <UniqueIdentifier>{4FC737F1-C7A5-4376-A066-2A32D752A2FF}</UniqueIdentifier>
      <Extensions>cpp;c;cc;cxx;c++;cppm;ixx;def;odl;idl;hpj;bat;asm;asmx</Extensions>
    </Filter>
    <Filter Include="Header Files">
      <UniqueIdentifier>{93995380-89BD-4b04-88EB-625FBE52EBFB}</UniqueIdentifier>
      <Extensions>h;hh;hpp;hxx;h++;hm;inl;inc;ipp;xsd</Extensions>
    </Filter>
    <Filter Include="Resource Files">
      <UniqueIdentifier>{67DA6AB6-F800-4c08-8B7A-83BB121AAD01}</UniqueIdentifier>
      <Extensions>rc;ico;cur;bmp;dlg;rc2;rct;bin;rgs;gif;jpg;jpeg;jpe;resx;tiff;tif;png;wav;mfcribbon-ms</Extensions>
    </Filter>
    <Filter Include="Source Files\EngineBase">
      <UniqueIdentifier>{955ae780-daeb-4aba-b1af-524ac57feffb}</UniqueIdentifier>
    </Filter>
  </ItemGroup>
  <ItemGroup>
    <ClCompile Include="cpp\FieldObject.cpp">
      <Filter>Source Files</Filter>
    </ClCompile>
    <ClCompile Include="graphic engine\basicEvents.cpp">
      <Filter>Source Files\EngineBase</Filter>
    </ClCompile>
    <ClCompile Include="graphic engine\camera.cpp">
      <Filter>Source Files\EngineBase</Filter>
    </ClCompile>
    <ClCompile Include="graphic engine\events.cpp">
      <Filter>Source Files\EngineBase</Filter>
    </ClCompile>
    <ClCompile Include="graphic engine\ImageUtils.cpp">
      <Filter>Source Files\EngineBase</Filter>
    </ClCompile>
    <ClCompile Include="graphic engine\MathUtils.cpp">
      <Filter>Source Files\EngineBase</Filter>
    </ClCompile>
    <ClCompile Include="graphic engine\MyUtils.cpp">
      <Filter>Source Files\EngineBase</Filter>
    </ClCompile>
    <ClCompile Include="graphic engine\objects.cpp">
      <Filter>Source Files\EngineBase</Filter>
    </ClCompile>
    <ClCompile Include="graphic engine\OtherUtils.cpp">
      <Filter>Source Files\EngineBase</Filter>
    </ClCompile>
    <ClCompile Include="graphic engine\platformcommon.cpp">
      <Filter>Source Files\EngineBase</Filter>
    </ClCompile>
    <ClCompile Include="graphic engine\renderer.cpp">
      <Filter>Source Files\EngineBase</Filter>
    </ClCompile>
    <ClCompile Include="graphic engine\RGBUtils.cpp">
      <Filter>Source Files\EngineBase</Filter>
    </ClCompile>
    <ClCompile Include="graphic engine\STBI_ImageUtils.cpp">
      <Filter>Source Files\EngineBase</Filter>
    </ClCompile>
    <ClCompile Include="graphic engine\uibuttons.cpp">
      <Filter>Source Files\EngineBase</Filter>
    </ClCompile>
    <ClCompile Include="graphic engine\uiobjects.cpp">
      <Filter>Source Files\EngineBase</Filter>
    </ClCompile>
    <ClCompile Include="main.cpp">
      <Filter>Source Files</Filter>
    </ClCompile>
    <ClCompile Include="cpp\FieldObjectHandler.cpp">
      <Filter>Source Files</Filter>
    </ClCompile>
    <ClCompile Include="cpp\MyMathUtils.cpp">
      <Filter>Source Files</Filter>
    </ClCompile>
    <ClCompile Include="cpp\PathPointGen.cpp">
      <Filter>Source Files</Filter>
    </ClCompile>
    <ClCompile Include="cpp\mock WPI\Translation2d.cpp">
      <Filter>Source Files</Filter>
    </ClCompile>
    <ClCompile Include="cpp\Astar.cpp">
      <Filter>Source Files</Filter>
    </ClCompile>
  </ItemGroup>
  <ItemGroup>
    <ClInclude Include="include\FieldObject.h">
      <Filter>Header Files</Filter>
    </ClInclude>
    <ClInclude Include="include\FieldObjectHandler.h">
      <Filter>Header Files</Filter>
    </ClInclude>
    <ClInclude Include="include\MyMathUtils.h">
      <Filter>Header Files</Filter>
    </ClInclude>
    <ClInclude Include="include\mock WPI\Translation2d.h">
      <Filter>Header Files</Filter>
    </ClInclude>
    <ClInclude Include="include\Astar.h">
      <Filter>Header Files</Filter>
    </ClInclude>
    <ClInclude Include="AutoPathGen.h">
      <Filter>Header Files</Filter>
    </ClInclude>
    <ClInclude Include="include\PathPointGen.h">
      <Filter>Source Files</Filter>
    </ClInclude>
  </ItemGroup>
</Project>